// !$*UTF8*$!
{
	archiveVersion = 1;
	classes = {
	};
	objectVersion = 77;
	objects = {

/* Begin PBXBuildFile section */
		C556F8642DEA172C00419C00 /* Kingfisher in Frameworks */ = {isa = PBXBuildFile; productRef = C556F8632DEA172C00419C00 /* Kingfisher */; };
/* End PBXBuildFile section */

/* Begin PBXContainerItemProxy section */
		C50261A32DE76C74008A1EB2 /* PBXContainerItemProxy */ = {
			isa = PBXContainerItemProxy;
			containerPortal = C502618A2DE76C73008A1EB2 /* Project object */;
			proxyType = 1;
			remoteGlobalIDString = C50261912DE76C73008A1EB2;
			remoteInfo = RickMortyApp;
		};
		C50261AD2DE76C74008A1EB2 /* PBXContainerItemProxy */ = {
			isa = PBXContainerItemProxy;
			containerPortal = C502618A2DE76C73008A1EB2 /* Project object */;
			proxyType = 1;
			remoteGlobalIDString = C50261912DE76C73008A1EB2;
			remoteInfo = RickMortyApp;
		};
/* End PBXContainerItemProxy section */

/* Begin PBXFileReference section */
		C50261922DE76C73008A1EB2 /* RickMortyApp.app */ = {isa = PBXFileReference; explicitFileType = wrapper.application; includeInIndex = 0; path = RickMortyApp.app; sourceTree = BUILT_PRODUCTS_DIR; };
		C50261A22DE76C74008A1EB2 /* RickMortyAppTests.xctest */ = {isa = PBXFileReference; explicitFileType = wrapper.cfbundle; includeInIndex = 0; path = RickMortyAppTests.xctest; sourceTree = BUILT_PRODUCTS_DIR; };
		C50261AC2DE76C74008A1EB2 /* RickMortyAppUITests.xctest */ = {isa = PBXFileReference; explicitFileType = wrapper.cfbundle; includeInIndex = 0; path = RickMortyAppUITests.xctest; sourceTree = BUILT_PRODUCTS_DIR; };
/* End PBXFileReference section */

/* Begin PBXFileSystemSynchronizedBuildFileExceptionSet section */
		C556F8612DEA0DF500419C00 /* Exceptions for "RickMortyApp" folder in "RickMortyApp" target */ = {
			isa = PBXFileSystemSynchronizedBuildFileExceptionSet;
			membershipExceptions = (
				Info.plist,
			);
			target = C50261912DE76C73008A1EB2 /* RickMortyApp */;
		};
/* End PBXFileSystemSynchronizedBuildFileExceptionSet section */

/* Begin PBXFileSystemSynchronizedRootGroup section */
		C50261942DE76C73008A1EB2 /* RickMortyApp */ = {
			isa = PBXFileSystemSynchronizedRootGroup;
			exceptions = (
				C556F8612DEA0DF500419C00 /* Exceptions for "RickMortyApp" folder in "RickMortyApp" target */,
			);
			path = RickMortyApp;
			sourceTree = "<group>";
		};
		C50261A52DE76C74008A1EB2 /* RickMortyAppTests */ = {
			isa = PBXFileSystemSynchronizedRootGroup;
			path = RickMortyAppTests;
			sourceTree = "<group>";
		};
		C50261AF2DE76C74008A1EB2 /* RickMortyAppUITests */ = {
			isa = PBXFileSystemSynchronizedRootGroup;
			path = RickMortyAppUITests;
			sourceTree = "<group>";
		};
/* End PBXFileSystemSynchronizedRootGroup section */

/* Begin PBXFrameworksBuildPhase section */
		C502618F2DE76C73008A1EB2 /* Frameworks */ = {
			isa = PBXFrameworksBuildPhase;
			buildActionMask = 2147483647;
			files = (
				C556F8642DEA172C00419C00 /* Kingfisher in Frameworks */,
			);
			runOnlyForDeploymentPostprocessing = 0;
		};
		C502619F2DE76C74008A1EB2 /* Frameworks */ = {
			isa = PBXFrameworksBuildPhase;
			buildActionMask = 2147483647;
			files = (
			);
			runOnlyForDeploymentPostprocessing = 0;
		};
		C50261A92DE76C74008A1EB2 /* Frameworks */ = {
			isa = PBXFrameworksBuildPhase;
			buildActionMask = 2147483647;
			files = (
			);
			runOnlyForDeploymentPostprocessing = 0;
		};
/* End PBXFrameworksBuildPhase section */

/* Begin PBXGroup section */
		C50261892DE76C73008A1EB2 = {
			isa = PBXGroup;
			children = (
				C50261942DE76C73008A1EB2 /* RickMortyApp */,
				C50261A52DE76C74008A1EB2 /* RickMortyAppTests */,
				C50261AF2DE76C74008A1EB2 /* RickMortyAppUITests */,
				C50261932DE76C73008A1EB2 /* Products */,
			);
			sourceTree = "<group>";
		};
		C50261932DE76C73008A1EB2 /* Products */ = {
			isa = PBXGroup;
			children = (
				C50261922DE76C73008A1EB2 /* RickMortyApp.app */,
				C50261A22DE76C74008A1EB2 /* RickMortyAppTests.xctest */,
				C50261AC2DE76C74008A1EB2 /* RickMortyAppUITests.xctest */,
			);
			name = Products;
			sourceTree = "<group>";
		};
/* End PBXGroup section */

/* Begin PBXNativeTarget section */
		C50261912DE76C73008A1EB2 /* RickMortyApp */ = {
			isa = PBXNativeTarget;
			buildConfigurationList = C50261B62DE76C74008A1EB2 /* Build configuration list for PBXNativeTarget "RickMortyApp" */;
			buildPhases = (
				C502618E2DE76C73008A1EB2 /* Sources */,
				C502618F2DE76C73008A1EB2 /* Frameworks */,
				C50261902DE76C73008A1EB2 /* Resources */,
			);
			buildRules = (
			);
			dependencies = (
			);
			fileSystemSynchronizedGroups = (
				C50261942DE76C73008A1EB2 /* RickMortyApp */,
			);
			name = RickMortyApp;
			packageProductDependencies = (
				C556F8632DEA172C00419C00 /* Kingfisher */,
			);
			productName = RickMortyApp;
			productReference = C50261922DE76C73008A1EB2 /* RickMortyApp.app */;
			productType = "com.apple.product-type.application";
		};
		C50261A12DE76C74008A1EB2 /* RickMortyAppTests */ = {
			isa = PBXNativeTarget;
			buildConfigurationList = C50261B92DE76C74008A1EB2 /* Build configuration list for PBXNativeTarget "RickMortyAppTests" */;
			buildPhases = (
				C502619E2DE76C74008A1EB2 /* Sources */,
				C502619F2DE76C74008A1EB2 /* Frameworks */,
				C50261A02DE76C74008A1EB2 /* Resources */,
			);
			buildRules = (
			);
			dependencies = (
				C50261A42DE76C74008A1EB2 /* PBXTargetDependency */,
			);
			fileSystemSynchronizedGroups = (
				C50261A52DE76C74008A1EB2 /* RickMortyAppTests */,
			);
			name = RickMortyAppTests;
			packageProductDependencies = (
			);
			productName = RickMortyAppTests;
			productReference = C50261A22DE76C74008A1EB2 /* RickMortyAppTests.xctest */;
			productType = "com.apple.product-type.bundle.unit-test";
		};
		C50261AB2DE76C74008A1EB2 /* RickMortyAppUITests */ = {
			isa = PBXNativeTarget;
			buildConfigurationList = C50261BC2DE76C74008A1EB2 /* Build configuration list for PBXNativeTarget "RickMortyAppUITests" */;
			buildPhases = (
				C50261A82DE76C74008A1EB2 /* Sources */,
				C50261A92DE76C74008A1EB2 /* Frameworks */,
				C50261AA2DE76C74008A1EB2 /* Resources */,
			);
			buildRules = (
			);
			dependencies = (
				C50261AE2DE76C74008A1EB2 /* PBXTargetDependency */,
			);
			fileSystemSynchronizedGroups = (
				C50261AF2DE76C74008A1EB2 /* RickMortyAppUITests */,
			);
			name = RickMortyAppUITests;
			packageProductDependencies = (
			);
			productName = RickMortyAppUITests;
			productReference = C50261AC2DE76C74008A1EB2 /* RickMortyAppUITests.xctest */;
			productType = "com.apple.product-type.bundle.ui-testing";
		};
/* End PBXNativeTarget section */

/* Begin PBXProject section */
		C502618A2DE76C73008A1EB2 /* Project object */ = {
			isa = PBXProject;
			attributes = {
				BuildIndependentTargetsInParallel = 1;
				LastSwiftUpdateCheck = 1620;
				LastUpgradeCheck = 1620;
				TargetAttributes = {
					C50261912DE76C73008A1EB2 = {
						CreatedOnToolsVersion = 16.2;
					};
					C50261A12DE76C74008A1EB2 = {
						CreatedOnToolsVersion = 16.2;
						TestTargetID = C50261912DE76C73008A1EB2;
					};
					C50261AB2DE76C74008A1EB2 = {
						CreatedOnToolsVersion = 16.2;
						TestTargetID = C50261912DE76C73008A1EB2;
					};
				};
			};
			buildConfigurationList = C502618D2DE76C73008A1EB2 /* Build configuration list for PBXProject "RickMortyApp" */;
			developmentRegion = en;
			hasScannedForEncodings = 0;
			knownRegions = (
				en,
				Base,
			);
			mainGroup = C50261892DE76C73008A1EB2;
			minimizedProjectReferenceProxies = 1;
			packageReferences = (
				C556F8622DEA172C00419C00 /* XCRemoteSwiftPackageReference "Kingfisher" */,
			);
			preferredProjectObjectVersion = 77;
			productRefGroup = C50261932DE76C73008A1EB2 /* Products */;
			projectDirPath = "";
			projectRoot = "";
			targets = (
				C50261912DE76C73008A1EB2 /* RickMortyApp */,
				C50261A12DE76C74008A1EB2 /* RickMortyAppTests */,
				C50261AB2DE76C74008A1EB2 /* RickMortyAppUITests */,
			);
		};
/* End PBXProject section */

/* Begin PBXResourcesBuildPhase section */
		C50261902DE76C73008A1EB2 /* Resources */ = {
			isa = PBXResourcesBuildPhase;
			buildActionMask = 2147483647;
			files = (
			);
			runOnlyForDeploymentPostprocessing = 0;
		};
		C50261A02DE76C74008A1EB2 /* Resources */ = {
			isa = PBXResourcesBuildPhase;
			buildActionMask = 2147483647;
			files = (
			);
			runOnlyForDeploymentPostprocessing = 0;
		};
		C50261AA2DE76C74008A1EB2 /* Resources */ = {
			isa = PBXResourcesBuildPhase;
			buildActionMask = 2147483647;
			files = (
			);
			runOnlyForDeploymentPostprocessing = 0;
		};
/* End PBXResourcesBuildPhase section */

/* Begin PBXSourcesBuildPhase section */
		C502618E2DE76C73008A1EB2 /* Sources */ = {
			isa = PBXSourcesBuildPhase;
			buildActionMask = 2147483647;
			files = (
			);
			runOnlyForDeploymentPostprocessing = 0;
		};
		C502619E2DE76C74008A1EB2 /* Sources */ = {
			isa = PBXSourcesBuildPhase;
			buildActionMask = 2147483647;
			files = (
			);
			runOnlyForDeploymentPostprocessing = 0;
		};
		C50261A82DE76C74008A1EB2 /* Sources */ = {
			isa = PBXSourcesBuildPhase;
			buildActionMask = 2147483647;
			files = (
			);
			runOnlyForDeploymentPostprocessing = 0;
		};
/* End PBXSourcesBuildPhase section */

/* Begin PBXTargetDependency section */
		C50261A42DE76C74008A1EB2 /* PBXTargetDependency */ = {
			isa = PBXTargetDependency;
			target = C50261912DE76C73008A1EB2 /* RickMortyApp */;
			targetProxy = C50261A32DE76C74008A1EB2 /* PBXContainerItemProxy */;
		};
		C50261AE2DE76C74008A1EB2 /* PBXTargetDependency */ = {
			isa = PBXTargetDependency;
			target = C50261912DE76C73008A1EB2 /* RickMortyApp */;
			targetProxy = C50261AD2DE76C74008A1EB2 /* PBXContainerItemProxy */;
		};
/* End PBXTargetDependency section */

/* Begin XCBuildConfiguration section */
		C50261B42DE76C74008A1EB2 /* Debug */ = {
			isa = XCBuildConfiguration;
			buildSettings = {
				ALWAYS_SEARCH_USER_PATHS = NO;
				ASSETCATALOG_COMPILER_GENERATE_SWIFT_ASSET_SYMBOL_EXTENSIONS = YES;
				CLANG_ANALYZER_NONNULL = YES;
				CLANG_ANALYZER_NUMBER_OBJECT_CONVERSION = YES_AGGRESSIVE;
				CLANG_CXX_LANGUAGE_STANDARD = "gnu++20";
				CLANG_ENABLE_MODULES = YES;
				CLANG_ENABLE_OBJC_ARC = YES;
				CLANG_ENABLE_OBJC_WEAK = YES;
				CLANG_WARN_BLOCK_CAPTURE_AUTORELEASING = YES;
				CLANG_WARN_BOOL_CONVERSION = YES;
				CLANG_WARN_COMMA = YES;
				CLANG_WARN_CONSTANT_CONVERSION = YES;
				CLANG_WARN_DEPRECATED_OBJC_IMPLEMENTATIONS = YES;
				CLANG_WARN_DIRECT_OBJC_ISA_USAGE = YES_ERROR;
				CLANG_WARN_DOCUMENTATION_COMMENTS = YES;
				CLANG_WARN_EMPTY_BODY = YES;
				CLANG_WARN_ENUM_CONVERSION = YES;
				CLANG_WARN_INFINITE_RECURSION = YES;
				CLANG_WARN_INT_CONVERSION = YES;
				CLANG_WARN_NON_LITERAL_NULL_CONVERSION = YES;
				CLANG_WARN_OBJC_IMPLICIT_RETAIN_SELF = YES;
				CLANG_WARN_OBJC_LITERAL_CONVERSION = YES;
				CLANG_WARN_OBJC_ROOT_CLASS = YES_ERROR;
				CLANG_WARN_QUOTED_INCLUDE_IN_FRAMEWORK_HEADER = YES;
				CLANG_WARN_RANGE_LOOP_ANALYSIS = YES;
				CLANG_WARN_STRICT_PROTOTYPES = YES;
				CLANG_WARN_SUSPICIOUS_MOVE = YES;
				CLANG_WARN_UNGUARDED_AVAILABILITY = YES_AGGRESSIVE;
				CLANG_WARN_UNREACHABLE_CODE = YES;
				CLANG_WARN__DUPLICATE_METHOD_MATCH = YES;
				COPY_PHASE_STRIP = NO;
				DEBUG_INFORMATION_FORMAT = dwarf;
				ENABLE_STRICT_OBJC_MSGSEND = YES;
				ENABLE_TESTABILITY = YES;
				ENABLE_USER_SCRIPT_SANDBOXING = YES;
				GCC_C_LANGUAGE_STANDARD = gnu17;
				GCC_DYNAMIC_NO_PIC = NO;
				GCC_NO_COMMON_BLOCKS = YES;
				GCC_OPTIMIZATION_LEVEL = 0;
				GCC_PREPROCESSOR_DEFINITIONS = (
					"DEBUG=1",
					"$(inherited)",
				);
				GCC_WARN_64_TO_32_BIT_CONVERSION = YES;
				GCC_WARN_ABOUT_RETURN_TYPE = YES_ERROR;
				GCC_WARN_UNDECLARED_SELECTOR = YES;
				GCC_WARN_UNINITIALIZED_AUTOS = YES_AGGRESSIVE;
				GCC_WARN_UNUSED_FUNCTION = YES;
				GCC_WARN_UNUSED_VARIABLE = YES;
				IPHONEOS_DEPLOYMENT_TARGET = 18.2;
				LOCALIZATION_PREFERS_STRING_CATALOGS = YES;
				MTL_ENABLE_DEBUG_INFO = INCLUDE_SOURCE;
				MTL_FAST_MATH = YES;
				ONLY_ACTIVE_ARCH = YES;
				SDKROOT = iphoneos;
				SWIFT_ACTIVE_COMPILATION_CONDITIONS = "DEBUG $(inherited)";
				SWIFT_OPTIMIZATION_LEVEL = "-Onone";
			};
			name = Debug;
		};
		C50261B52DE76C74008A1EB2 /* Release */ = {
			isa = XCBuildConfiguration;
			buildSettings = {
				ALWAYS_SEARCH_USER_PATHS = NO;
				ASSETCATALOG_COMPILER_GENERATE_SWIFT_ASSET_SYMBOL_EXTENSIONS = YES;
				CLANG_ANALYZER_NONNULL = YES;
				CLANG_ANALYZER_NUMBER_OBJECT_CONVERSION = YES_AGGRESSIVE;
				CLANG_CXX_LANGUAGE_STANDARD = "gnu++20";
				CLANG_ENABLE_MODULES = YES;
				CLANG_ENABLE_OBJC_ARC = YES;
				CLANG_ENABLE_OBJC_WEAK = YES;
				CLANG_WARN_BLOCK_CAPTURE_AUTORELEASING = YES;
				CLANG_WARN_BOOL_CONVERSION = YES;
				CLANG_WARN_COMMA = YES;
				CLANG_WARN_CONSTANT_CONVERSION = YES;
				CLANG_WARN_DEPRECATED_OBJC_IMPLEMENTATIONS = YES;
				CLANG_WARN_DIRECT_OBJC_ISA_USAGE = YES_ERROR;
				CLANG_WARN_DOCUMENTATION_COMMENTS = YES;
				CLANG_WARN_EMPTY_BODY = YES;
				CLANG_WARN_ENUM_CONVERSION = YES;
				CLANG_WARN_INFINITE_RECURSION = YES;
				CLANG_WARN_INT_CONVERSION = YES;
				CLANG_WARN_NON_LITERAL_NULL_CONVERSION = YES;
				CLANG_WARN_OBJC_IMPLICIT_RETAIN_SELF = YES;
				CLANG_WARN_OBJC_LITERAL_CONVERSION = YES;
				CLANG_WARN_OBJC_ROOT_CLASS = YES_ERROR;
				CLANG_WARN_QUOTED_INCLUDE_IN_FRAMEWORK_HEADER = YES;
				CLANG_WARN_RANGE_LOOP_ANALYSIS = YES;
				CLANG_WARN_STRICT_PROTOTYPES = YES;
				CLANG_WARN_SUSPICIOUS_MOVE = YES;
				CLANG_WARN_UNGUARDED_AVAILABILITY = YES_AGGRESSIVE;
				CLANG_WARN_UNREACHABLE_CODE = YES;
				CLANG_WARN__DUPLICATE_METHOD_MATCH = YES;
				COPY_PHASE_STRIP = NO;
				DEBUG_INFORMATION_FORMAT = "dwarf-with-dsym";
				ENABLE_NS_ASSERTIONS = NO;
				ENABLE_STRICT_OBJC_MSGSEND = YES;
				ENABLE_USER_SCRIPT_SANDBOXING = YES;
				GCC_C_LANGUAGE_STANDARD = gnu17;
				GCC_NO_COMMON_BLOCKS = YES;
				GCC_WARN_64_TO_32_BIT_CONVERSION = YES;
				GCC_WARN_ABOUT_RETURN_TYPE = YES_ERROR;
				GCC_WARN_UNDECLARED_SELECTOR = YES;
				GCC_WARN_UNINITIALIZED_AUTOS = YES_AGGRESSIVE;
				GCC_WARN_UNUSED_FUNCTION = YES;
				GCC_WARN_UNUSED_VARIABLE = YES;
				IPHONEOS_DEPLOYMENT_TARGET = 18.2;
				LOCALIZATION_PREFERS_STRING_CATALOGS = YES;
				MTL_ENABLE_DEBUG_INFO = NO;
				MTL_FAST_MATH = YES;
				SDKROOT = iphoneos;
				SWIFT_COMPILATION_MODE = wholemodule;
				VALIDATE_PRODUCT = YES;
			};
			name = Release;
		};
		C50261B72DE76C74008A1EB2 /* Debug */ = {
			isa = XCBuildConfiguration;
			buildSettings = {
				ASSETCATALOG_COMPILER_APPICON_NAME = AppIcon;
				ASSETCATALOG_COMPILER_GLOBAL_ACCENT_COLOR_NAME = AccentColor;
				CODE_SIGN_STYLE = Automatic;
				CURRENT_PROJECT_VERSION = 1;
				DEVELOPMENT_ASSET_PATHS = "";
				DEVELOPMENT_TEAM = 99N6QU93JM;
				ENABLE_PREVIEWS = YES;
				GENERATE_INFOPLIST_FILE = YES;
				INFOPLIST_FILE = RickMortyApp/Info.plist;
				INFOPLIST_KEY_UIApplicationSceneManifest_Generation = YES;
				INFOPLIST_KEY_UIApplicationSupportsIndirectInputEvents = YES;
				INFOPLIST_KEY_UISupportedInterfaceOrientations = UIInterfaceOrientationPortrait;
				INFOPLIST_KEY_UISupportedInterfaceOrientations_iPad = "UIInterfaceOrientationLandscapeLeft UIInterfaceOrientationLandscapeRight UIInterfaceOrientationPortrait UIInterfaceOrientationPortraitUpsideDown";
				IPHONEOS_DEPLOYMENT_TARGET = 17.0;
				LD_RUNPATH_SEARCH_PATHS = (
					"$(inherited)",
					"@executable_path/Frameworks",
				);
				MARKETING_VERSION = 1.0;
				PRODUCT_BUNDLE_IDENTIFIER = guido.RickMortyApp;
				PRODUCT_NAME = "$(TARGET_NAME)";
				SUPPORTED_PLATFORMS = "iphoneos iphonesimulator";
				SUPPORTS_MACCATALYST = NO;
				SUPPORTS_MAC_DESIGNED_FOR_IPHONE_IPAD = NO;
				SUPPORTS_XR_DESIGNED_FOR_IPHONE_IPAD = NO;
				SWIFT_EMIT_LOC_STRINGS = YES;
				SWIFT_VERSION = 5.0;
				TARGETED_DEVICE_FAMILY = 1;
			};
			name = Debug;
		};
		C50261B82DE76C74008A1EB2 /* Release */ = {
			isa = XCBuildConfiguration;
			buildSettings = {
				ASSETCATALOG_COMPILER_APPICON_NAME = AppIcon;
				ASSETCATALOG_COMPILER_GLOBAL_ACCENT_COLOR_NAME = AccentColor;
				CODE_SIGN_STYLE = Automatic;
				CURRENT_PROJECT_VERSION = 1;
				DEVELOPMENT_ASSET_PATHS = "";
				DEVELOPMENT_TEAM = 99N6QU93JM;
				ENABLE_PREVIEWS = YES;
				GENERATE_INFOPLIST_FILE = YES;
				INFOPLIST_FILE = RickMortyApp/Info.plist;
				INFOPLIST_KEY_UIApplicationSceneManifest_Generation = YES;
				INFOPLIST_KEY_UIApplicationSupportsIndirectInputEvents = YES;
				INFOPLIST_KEY_UISupportedInterfaceOrientations = UIInterfaceOrientationPortrait;
				INFOPLIST_KEY_UISupportedInterfaceOrientations_iPad = "UIInterfaceOrientationLandscapeLeft UIInterfaceOrientationLandscapeRight UIInterfaceOrientationPortrait UIInterfaceOrientationPortraitUpsideDown";
				IPHONEOS_DEPLOYMENT_TARGET = 17.0;
				LD_RUNPATH_SEARCH_PATHS = (
					"$(inherited)",
					"@executable_path/Frameworks",
				);
				MARKETING_VERSION = 1.0;
				PRODUCT_BUNDLE_IDENTIFIER = guido.RickMortyApp;
				PRODUCT_NAME = "$(TARGET_NAME)";
				SUPPORTED_PLATFORMS = "iphoneos iphonesimulator";
				SUPPORTS_MACCATALYST = NO;
				SUPPORTS_MAC_DESIGNED_FOR_IPHONE_IPAD = NO;
				SUPPORTS_XR_DESIGNED_FOR_IPHONE_IPAD = NO;
				SWIFT_EMIT_LOC_STRINGS = YES;
				SWIFT_VERSION = 5.0;
				TARGETED_DEVICE_FAMILY = 1;
			};
			name = Release;
		};
		C50261BA2DE76C74008A1EB2 /* Debug */ = {
			isa = XCBuildConfiguration;
			buildSettings = {
				BUNDLE_LOADER = "$(TEST_HOST)";
				CODE_SIGN_STYLE = Automatic;
				CURRENT_PROJECT_VERSION = 1;
				DEVELOPMENT_TEAM = 99N6QU93JM;
				GENERATE_INFOPLIST_FILE = YES;
				IPHONEOS_DEPLOYMENT_TARGET = 17.0;
				MARKETING_VERSION = 1.0;
				PRODUCT_BUNDLE_IDENTIFIER = guido.RickMortyAppTests;
				PRODUCT_NAME = "$(TARGET_NAME)";
				SWIFT_EMIT_LOC_STRINGS = NO;
				SWIFT_VERSION = 5.0;
				TARGETED_DEVICE_FAMILY = "1,2";
				TEST_HOST = "$(BUILT_PRODUCTS_DIR)/RickMortyApp.app/$(BUNDLE_EXECUTABLE_FOLDER_PATH)/RickMortyApp";
			};
			name = Debug;
		};
		C50261BB2DE76C74008A1EB2 /* Release */ = {
			isa = XCBuildConfiguration;
			buildSettings = {
				BUNDLE_LOADER = "$(TEST_HOST)";
				CODE_SIGN_STYLE = Automatic;
				CURRENT_PROJECT_VERSION = 1;
				DEVELOPMENT_TEAM = 99N6QU93JM;
				GENERATE_INFOPLIST_FILE = YES;
				IPHONEOS_DEPLOYMENT_TARGET = 17.0;
				MARKETING_VERSION = 1.0;
				PRODUCT_BUNDLE_IDENTIFIER = guido.RickMortyAppTests;
				PRODUCT_NAME = "$(TARGET_NAME)";
				SWIFT_EMIT_LOC_STRINGS = NO;
				SWIFT_VERSION = 5.0;
				TARGETED_DEVICE_FAMILY = "1,2";
				TEST_HOST = "$(BUILT_PRODUCTS_DIR)/RickMortyApp.app/$(BUNDLE_EXECUTABLE_FOLDER_PATH)/RickMortyApp";
			};
			name = Release;
		};
		C50261BD2DE76C74008A1EB2 /* Debug */ = {
			isa = XCBuildConfiguration;
			buildSettings = {
				CODE_SIGN_STYLE = Automatic;
				CURRENT_PROJECT_VERSION = 1;
				DEVELOPMENT_TEAM = 99N6QU93JM;
				GENERATE_INFOPLIST_FILE = YES;
				IPHONEOS_DEPLOYMENT_TARGET = 17.0;
				MARKETING_VERSION = 1.0;
				PRODUCT_BUNDLE_IDENTIFIER = guido.RickMortyAppUITests;
				PRODUCT_NAME = "$(TARGET_NAME)";
				SWIFT_EMIT_LOC_STRINGS = NO;
				SWIFT_VERSION = 5.0;
				TARGETED_DEVICE_FAMILY = "1,2";
				TEST_TARGET_NAME = RickMortyApp;
			};
			name = Debug;
		};
		C50261BE2DE76C74008A1EB2 /* Release */ = {
			isa = XCBuildConfiguration;
			buildSettings = {
				CODE_SIGN_STYLE = Automatic;
				CURRENT_PROJECT_VERSION = 1;
				DEVELOPMENT_TEAM = 99N6QU93JM;
				GENERATE_INFOPLIST_FILE = YES;
				IPHONEOS_DEPLOYMENT_TARGET = 17.0;
				MARKETING_VERSION = 1.0;
				PRODUCT_BUNDLE_IDENTIFIER = guido.RickMortyAppUITests;
				PRODUCT_NAME = "$(TARGET_NAME)";
				SWIFT_EMIT_LOC_STRINGS = NO;
				SWIFT_VERSION = 5.0;
				TARGETED_DEVICE_FAMILY = "1,2";
				TEST_TARGET_NAME = RickMortyApp;
			};
			name = Release;
		};
/* End XCBuildConfiguration section */

/* Begin XCConfigurationList section */
		C502618D2DE76C73008A1EB2 /* Build configuration list for PBXProject "RickMortyApp" */ = {
			isa = XCConfigurationList;
			buildConfigurations = (
				C50261B42DE76C74008A1EB2 /* Debug */,
				C50261B52DE76C74008A1EB2 /* Release */,
			);
			defaultConfigurationIsVisible = 0;
			defaultConfigurationName = Release;
		};
		C50261B62DE76C74008A1EB2 /* Build configuration list for PBXNativeTarget "RickMortyApp" */ = {
			isa = XCConfigurationList;
			buildConfigurations = (
				C50261B72DE76C74008A1EB2 /* Debug */,
				C50261B82DE76C74008A1EB2 /* Release */,
			);
			defaultConfigurationIsVisible = 0;
			defaultConfigurationName = Release;
		};
		C50261B92DE76C74008A1EB2 /* Build configuration list for PBXNativeTarget "RickMortyAppTests" */ = {
			isa = XCConfigurationList;
			buildConfigurations = (
				C50261BA2DE76C74008A1EB2 /* Debug */,
				C50261BB2DE76C74008A1EB2 /* Release */,
			);
			defaultConfigurationIsVisible = 0;
			defaultConfigurationName = Release;
		};
		C50261BC2DE76C74008A1EB2 /* Build configuration list for PBXNativeTarget "RickMortyAppUITests" */ = {
			isa = XCConfigurationList;
			buildConfigurations = (
				C50261BD2DE76C74008A1EB2 /* Debug */,
				C50261BE2DE76C74008A1EB2 /* Release */,
			);
			defaultConfigurationIsVisible = 0;
			defaultConfigurationName = Release;
		};
/* End XCConfigurationList section */

/* Begin XCRemoteSwiftPackageReference section */
		C556F8622DEA172C00419C00 /* XCRemoteSwiftPackageReference "Kingfisher" */ = {
			isa = XCRemoteSwiftPackageReference;
			repositoryURL = "https://github.com/onevcat/Kingfisher.git";
			requirement = {
				kind = upToNextMajorVersion;
				minimumVersion = 8.3.2;
			};
		};
/* End XCRemoteSwiftPackageReference section */

/* Begin XCSwiftPackageProductDependency section */
		C556F8632DEA172C00419C00 /* Kingfisher */ = {
			isa = XCSwiftPackageProductDependency;
			package = C556F8622DEA172C00419C00 /* XCRemoteSwiftPackageReference "Kingfisher" */;
			productName = Kingfisher;
		};
/* End XCSwiftPackageProductDependency section */
	};
	rootObject = C502618A2DE76C73008A1EB2 /* Project object */;
}
